
Microsoft Visual Studio Solution File, Format Version 12.00
# Visual Studio Version 16
VisualStudioVersion = 16.0.30523.141
MinimumVisualStudioVersion = 10.0.40219.1
Project("{FAE04EC0-301F-11D3-BF4B-00C04F79EFBC}") = "RefrigiratedTruck2", "RefrigiratedTruck2.csproj", "{CA266D25-C679-46F8-B26C-47E5450C535B}"
EndProject
Global
	GlobalSection(SolutionConfigurationPlatforms) = preSolution
		Debug|Any CPU = Debug|Any CPU
		Release|Any CPU = Release|Any CPU
	EndGlobalSection
	GlobalSection(ProjectConfigurationPlatforms) = postSolution
		{CA266D25-C679-46F8-B26C-47E5450C535B}.Debug|Any CPU.ActiveCfg = Debug|Any CPU
		{CA266D25-C679-46F8-B26C-47E5450C535B}.Debug|Any CPU.Build.0 = Debug|Any CPU
		{CA266D25-C679-46F8-B26C-47E5450C535B}.Release|Any CPU.ActiveCfg = Release|Any CPU
		{CA266D25-C679-46F8-B26C-47E5450C535B}.Release|Any CPU.Build.0 = Release|Any CPU
	EndGlobalSection
	GlobalSection(SolutionProperties) = preSolution
		HideSolutionNode = FALSE
	EndGlobalSection
	GlobalSection(ExtensibilityGlobals) = postSolution
		SolutionGuid = {CAE509B1-D6DD-4BA7-B359-1519DC371B80}
	EndGlobalSection
EndGlobal
